
Microsoft Visual Studio Solution File, Format Version 12.00
# Visual Studio Version 17
VisualStudioVersion = 17.2.32630.192
MinimumVisualStudioVersion = 10.0.40219.1
Project("{FAE04EC0-301F-11D3-BF4B-00C04F79EFBC}") = "Cadena_De_Responsabilidades", "Cadena_De_Responsabilidades\Cadena_De_Responsabilidades.csproj", "{D7E22D7C-9840-4667-A6CB-434F49CDAD9E}"
EndProject
Global
	GlobalSection(SolutionConfigurationPlatforms) = preSolution
		Debug|Any CPU = Debug|Any CPU
		Release|Any CPU = Release|Any CPU
	EndGlobalSection
	GlobalSection(ProjectConfigurationPlatforms) = postSolution
		{D7E22D7C-9840-4667-A6CB-434F49CDAD9E}.Debug|Any CPU.ActiveCfg = Debug|Any CPU
		{D7E22D7C-9840-4667-A6CB-434F49CDAD9E}.Debug|Any CPU.Build.0 = Debug|Any CPU
		{D7E22D7C-9840-4667-A6CB-434F49CDAD9E}.Release|Any CPU.ActiveCfg = Release|Any CPU
		{D7E22D7C-9840-4667-A6CB-434F49CDAD9E}.Release|Any CPU.Build.0 = Release|Any CPU
	EndGlobalSection
	GlobalSection(SolutionProperties) = preSolution
		HideSolutionNode = FALSE
	EndGlobalSection
	GlobalSection(ExtensibilityGlobals) = postSolution
		SolutionGuid = {87808471-8195-4298-8730-E21EE8424EF6}
	EndGlobalSection
EndGlobal
