
Microsoft Visual Studio Solution File, Format Version 12.00
# Visual Studio Version 17
VisualStudioVersion = 17.2.32630.192
MinimumVisualStudioVersion = 10.0.40219.1
Project("{FAE04EC0-301F-11D3-BF4B-00C04F79EFBC}") = "Fachada", "Fachada\Fachada.csproj", "{BD30A4FF-0AB2-4735-B5BE-DFA561D6EE94}"
EndProject
Global
	GlobalSection(SolutionConfigurationPlatforms) = preSolution
		Debug|Any CPU = Debug|Any CPU
		Release|Any CPU = Release|Any CPU
	EndGlobalSection
	GlobalSection(ProjectConfigurationPlatforms) = postSolution
		{BD30A4FF-0AB2-4735-B5BE-DFA561D6EE94}.Debug|Any CPU.ActiveCfg = Debug|Any CPU
		{BD30A4FF-0AB2-4735-B5BE-DFA561D6EE94}.Debug|Any CPU.Build.0 = Debug|Any CPU
		{BD30A4FF-0AB2-4735-B5BE-DFA561D6EE94}.Release|Any CPU.ActiveCfg = Release|Any CPU
		{BD30A4FF-0AB2-4735-B5BE-DFA561D6EE94}.Release|Any CPU.Build.0 = Release|Any CPU
	EndGlobalSection
	GlobalSection(SolutionProperties) = preSolution
		HideSolutionNode = FALSE
	EndGlobalSection
	GlobalSection(ExtensibilityGlobals) = postSolution
		SolutionGuid = {4F89478C-A69C-4301-9932-9DF3E83317E1}
	EndGlobalSection
EndGlobal
